
Microsoft Visual Studio Solution File, Format Version 12.00
# Visual Studio Version 17
VisualStudioVersion = 17.14.36930.0 d17.14
MinimumVisualStudioVersion = 10.0.40219.1
Project("{FAE04EC0-301F-11D3-BF4B-00C04F79EFBC}") = "Assignment1 OOP", "Assignment1 OOP\Assignment1 OOP.csproj", "{4DAA2C0D-8553-48F8-9D02-3E1D2A0C827C}"
EndProject
Global
	GlobalSection(SolutionConfigurationPlatforms) = preSolution
		Debug|Any CPU = Debug|Any CPU
		Release|Any CPU = Release|Any CPU
	EndGlobalSection
	GlobalSection(ProjectConfigurationPlatforms) = postSolution
		{4DAA2C0D-8553-48F8-9D02-3E1D2A0C827C}.Debug|Any CPU.ActiveCfg = Debug|Any CPU
		{4DAA2C0D-8553-48F8-9D02-3E1D2A0C827C}.Debug|Any CPU.Build.0 = Debug|Any CPU
		{4DAA2C0D-8553-48F8-9D02-3E1D2A0C827C}.Release|Any CPU.ActiveCfg = Release|Any CPU
		{4DAA2C0D-8553-48F8-9D02-3E1D2A0C827C}.Release|Any CPU.Build.0 = Release|Any CPU
	EndGlobalSection
	GlobalSection(SolutionProperties) = preSolution
		HideSolutionNode = FALSE
	EndGlobalSection
	GlobalSection(ExtensibilityGlobals) = postSolution
		SolutionGuid = {8424F85B-EC4B-471A-BCEB-58D606BCF8C0}
	EndGlobalSection
EndGlobal
